
Microsoft Visual Studio Solution File, Format Version 12.00
# Visual Studio Version 16
VisualStudioVersion = 16.0.30717.126
MinimumVisualStudioVersion = 10.0.40219.1
Project("{9A19103F-16F7-4668-BE54-9A1E7A4F7556}") = "Company.WorkflowSystem.Web", "Company.WorkflowSystem.Web\Company.WorkflowSystem.Web.csproj", "{FB45638B-179F-40BB-BA58-69F759765B0D}"
EndProject
Project("{FAE04EC0-301F-11D3-BF4B-00C04F79EFBC}") = "Company.WorkflowSystem.Service", "Company.WorkflowSystem.Service\Company.WorkflowSystem.Service.csproj", "{CB87E129-A893-47AF-987E-6542E1F6EE4F}"
EndProject
Project("{FAE04EC0-301F-11D3-BF4B-00C04F79EFBC}") = "Company.WorkflowSystem.Domain", "Company.WorkflowSystem.Domain\Company.WorkflowSystem.Domain.csproj", "{67BC06FE-582B-4CB4-94EC-99517DDE69C5}"
EndProject
Project("{FAE04EC0-301F-11D3-BF4B-00C04F79EFBC}") = "Company.WorkflowSystem.UnitTests", "Company.WorkflowSystem.UnitTests\Company.WorkflowSystem.UnitTests.csproj", "{CD247D16-9561-4CAB-8885-9F58A58C1AA2}"
EndProject
Project("{FAE04EC0-301F-11D3-BF4B-00C04F79EFBC}") = "Company.WorkflowSystem.Database", "infrastructure\Company.WorkflowSystem.Database\Company.WorkflowSystem.Database.csproj", "{6FB64DA1-2FB1-41A7-9589-1F599ABC6F57}"
EndProject
Project("{2150E333-8FDC-42A3-9474-1A3956D46DE8}") = "Infrastructure", "Infrastructure", "{5C9E09B8-8E56-4DA4-A136-35F3704DFE12}"
EndProject
Project("{FAE04EC0-301F-11D3-BF4B-00C04F79EFBC}") = "Company.WorkflowSystem.EmailService", "infrastructure\Company.WorkflowSystem.EmailService\Company.WorkflowSystem.EmailService.csproj", "{778C6164-AB88-44D2-96F9-D868754F398B}"
EndProject
Project("{FAE04EC0-301F-11D3-BF4B-00C04F79EFBC}") = "InversionRepo", "InversionRepo\InversionRepo.csproj", "{235FEE97-0E49-4ED1-ACDC-3BDAE1D37CEE}"
EndProject
Global
	GlobalSection(SolutionConfigurationPlatforms) = preSolution
		Debug|Any CPU = Debug|Any CPU
		Release|Any CPU = Release|Any CPU
	EndGlobalSection
	GlobalSection(ProjectConfigurationPlatforms) = postSolution
		{FB45638B-179F-40BB-BA58-69F759765B0D}.Debug|Any CPU.ActiveCfg = Debug|Any CPU
		{FB45638B-179F-40BB-BA58-69F759765B0D}.Debug|Any CPU.Build.0 = Debug|Any CPU
		{FB45638B-179F-40BB-BA58-69F759765B0D}.Release|Any CPU.ActiveCfg = Release|Any CPU
		{FB45638B-179F-40BB-BA58-69F759765B0D}.Release|Any CPU.Build.0 = Release|Any CPU
		{CB87E129-A893-47AF-987E-6542E1F6EE4F}.Debug|Any CPU.ActiveCfg = Debug|Any CPU
		{CB87E129-A893-47AF-987E-6542E1F6EE4F}.Debug|Any CPU.Build.0 = Debug|Any CPU
		{CB87E129-A893-47AF-987E-6542E1F6EE4F}.Release|Any CPU.ActiveCfg = Release|Any CPU
		{CB87E129-A893-47AF-987E-6542E1F6EE4F}.Release|Any CPU.Build.0 = Release|Any CPU
		{67BC06FE-582B-4CB4-94EC-99517DDE69C5}.Debug|Any CPU.ActiveCfg = Debug|Any CPU
		{67BC06FE-582B-4CB4-94EC-99517DDE69C5}.Debug|Any CPU.Build.0 = Debug|Any CPU
		{67BC06FE-582B-4CB4-94EC-99517DDE69C5}.Release|Any CPU.ActiveCfg = Release|Any CPU
		{67BC06FE-582B-4CB4-94EC-99517DDE69C5}.Release|Any CPU.Build.0 = Release|Any CPU
		{CD247D16-9561-4CAB-8885-9F58A58C1AA2}.Debug|Any CPU.ActiveCfg = Debug|Any CPU
		{CD247D16-9561-4CAB-8885-9F58A58C1AA2}.Debug|Any CPU.Build.0 = Debug|Any CPU
		{CD247D16-9561-4CAB-8885-9F58A58C1AA2}.Release|Any CPU.ActiveCfg = Release|Any CPU
		{CD247D16-9561-4CAB-8885-9F58A58C1AA2}.Release|Any CPU.Build.0 = Release|Any CPU
		{6FB64DA1-2FB1-41A7-9589-1F599ABC6F57}.Debug|Any CPU.ActiveCfg = Debug|Any CPU
		{6FB64DA1-2FB1-41A7-9589-1F599ABC6F57}.Debug|Any CPU.Build.0 = Debug|Any CPU
		{6FB64DA1-2FB1-41A7-9589-1F599ABC6F57}.Release|Any CPU.ActiveCfg = Release|Any CPU
		{6FB64DA1-2FB1-41A7-9589-1F599ABC6F57}.Release|Any CPU.Build.0 = Release|Any CPU
		{778C6164-AB88-44D2-96F9-D868754F398B}.Debug|Any CPU.ActiveCfg = Debug|Any CPU
		{778C6164-AB88-44D2-96F9-D868754F398B}.Debug|Any CPU.Build.0 = Debug|Any CPU
		{778C6164-AB88-44D2-96F9-D868754F398B}.Release|Any CPU.ActiveCfg = Release|Any CPU
		{778C6164-AB88-44D2-96F9-D868754F398B}.Release|Any CPU.Build.0 = Release|Any CPU
		{235FEE97-0E49-4ED1-ACDC-3BDAE1D37CEE}.Debug|Any CPU.ActiveCfg = Debug|Any CPU
		{235FEE97-0E49-4ED1-ACDC-3BDAE1D37CEE}.Debug|Any CPU.Build.0 = Debug|Any CPU
		{235FEE97-0E49-4ED1-ACDC-3BDAE1D37CEE}.Release|Any CPU.ActiveCfg = Release|Any CPU
		{235FEE97-0E49-4ED1-ACDC-3BDAE1D37CEE}.Release|Any CPU.Build.0 = Release|Any CPU
	EndGlobalSection
	GlobalSection(SolutionProperties) = preSolution
		HideSolutionNode = FALSE
	EndGlobalSection
	GlobalSection(NestedProjects) = preSolution
		{6FB64DA1-2FB1-41A7-9589-1F599ABC6F57} = {5C9E09B8-8E56-4DA4-A136-35F3704DFE12}
		{778C6164-AB88-44D2-96F9-D868754F398B} = {5C9E09B8-8E56-4DA4-A136-35F3704DFE12}
	EndGlobalSection
	GlobalSection(ExtensibilityGlobals) = postSolution
		SolutionGuid = {130BBEB0-668F-4F82-935C-B417DB403B42}
	EndGlobalSection
EndGlobal
